
Microsoft Visual Studio Solution File, Format Version 12.00
# Visual Studio Version 17
VisualStudioVersion = 17.13.36105.23
MinimumVisualStudioVersion = 10.0.40219.1
Project("{FAE04EC0-301F-11D3-BF4B-00C04F79EFBC}") = "LedgerTransactionsAPI", "LedgerTransactionsAPI\LedgerTransactionsAPI.csproj", "{0275909E-2D5B-42BE-A472-2F00DE4C2198}"
EndProject
Global
	GlobalSection(SolutionConfigurationPlatforms) = preSolution
		Debug|Any CPU = Debug|Any CPU
		Release|Any CPU = Release|Any CPU
	EndGlobalSection
	GlobalSection(ProjectConfigurationPlatforms) = postSolution
		{0275909E-2D5B-42BE-A472-2F00DE4C2198}.Debug|Any CPU.ActiveCfg = Debug|Any CPU
		{0275909E-2D5B-42BE-A472-2F00DE4C2198}.Debug|Any CPU.Build.0 = Debug|Any CPU
		{0275909E-2D5B-42BE-A472-2F00DE4C2198}.Release|Any CPU.ActiveCfg = Release|Any CPU
		{0275909E-2D5B-42BE-A472-2F00DE4C2198}.Release|Any CPU.Build.0 = Release|Any CPU
	EndGlobalSection
	GlobalSection(SolutionProperties) = preSolution
		HideSolutionNode = FALSE
	EndGlobalSection
	GlobalSection(ExtensibilityGlobals) = postSolution
		SolutionGuid = {4527D2F9-3450-4057-8E3B-78F220E731F7}
	EndGlobalSection
EndGlobal
